
Microsoft Visual Studio Solution File, Format Version 12.00
# Visual Studio Version 17
VisualStudioVersion = 17.10.35027.167
MinimumVisualStudioVersion = 10.0.40219.1
Project("{FAE04EC0-301F-11D3-BF4B-00C04F79EFBC}") = "PostmanCloneLibrary", "PostmanCloneLibrary\PostmanCloneLibrary.csproj", "{5CC4D722-430D-468D-9813-67351C489652}"
EndProject
Project("{FAE04EC0-301F-11D3-BF4B-00C04F79EFBC}") = "PostmanCloneUI", "PostmanCloneUI\PostmanCloneUI.csproj", "{5DDBAD21-76F5-49F3-84CD-264B02A6C4A3}"
EndProject
Global
	GlobalSection(SolutionConfigurationPlatforms) = preSolution
		Debug|Any CPU = Debug|Any CPU
		Release|Any CPU = Release|Any CPU
	EndGlobalSection
	GlobalSection(ProjectConfigurationPlatforms) = postSolution
		{5CC4D722-430D-468D-9813-67351C489652}.Debug|Any CPU.ActiveCfg = Debug|Any CPU
		{5CC4D722-430D-468D-9813-67351C489652}.Debug|Any CPU.Build.0 = Debug|Any CPU
		{5CC4D722-430D-468D-9813-67351C489652}.Release|Any CPU.ActiveCfg = Release|Any CPU
		{5CC4D722-430D-468D-9813-67351C489652}.Release|Any CPU.Build.0 = Release|Any CPU
		{5DDBAD21-76F5-49F3-84CD-264B02A6C4A3}.Debug|Any CPU.ActiveCfg = Debug|Any CPU
		{5DDBAD21-76F5-49F3-84CD-264B02A6C4A3}.Debug|Any CPU.Build.0 = Debug|Any CPU
		{5DDBAD21-76F5-49F3-84CD-264B02A6C4A3}.Release|Any CPU.ActiveCfg = Release|Any CPU
		{5DDBAD21-76F5-49F3-84CD-264B02A6C4A3}.Release|Any CPU.Build.0 = Release|Any CPU
	EndGlobalSection
	GlobalSection(SolutionProperties) = preSolution
		HideSolutionNode = FALSE
	EndGlobalSection
	GlobalSection(ExtensibilityGlobals) = postSolution
		SolutionGuid = {427C8E51-A77E-40BC-9A34-F9DBCC85083D}
	EndGlobalSection
EndGlobal
